
Microsoft Visual Studio Solution File, Format Version 12.00
# Visual Studio Version 17
VisualStudioVersion = 17.13.35806.99 d17.13
MinimumVisualStudioVersion = 10.0.40219.1
Project("{FAE04EC0-301F-11D3-BF4B-00C04F79EFBC}") = "EntityFrameworkGettingStarted", "EntityFrameworkGettingStarted\EntityFrameworkGettingStarted.csproj", "{15AC1D01-B839-4736-9CA0-D58CD48C07FE}"
EndProject
Global
	GlobalSection(SolutionConfigurationPlatforms) = preSolution
		Debug|Any CPU = Debug|Any CPU
		Release|Any CPU = Release|Any CPU
	EndGlobalSection
	GlobalSection(ProjectConfigurationPlatforms) = postSolution
		{15AC1D01-B839-4736-9CA0-D58CD48C07FE}.Debug|Any CPU.ActiveCfg = Debug|Any CPU
		{15AC1D01-B839-4736-9CA0-D58CD48C07FE}.Debug|Any CPU.Build.0 = Debug|Any CPU
		{15AC1D01-B839-4736-9CA0-D58CD48C07FE}.Release|Any CPU.ActiveCfg = Release|Any CPU
		{15AC1D01-B839-4736-9CA0-D58CD48C07FE}.Release|Any CPU.Build.0 = Release|Any CPU
	EndGlobalSection
	GlobalSection(SolutionProperties) = preSolution
		HideSolutionNode = FALSE
	EndGlobalSection
	GlobalSection(ExtensibilityGlobals) = postSolution
		SolutionGuid = {BC58D108-6A01-4C24-8178-A6B6B0AC09EC}
	EndGlobalSection
EndGlobal
